filippo.io/edwards25519 v1.2.0 h1:crnVqOiS4jqYleHd9vaKZ+HKtHfllngJIiOpNpoJsjo=
filippo.io/edwards25519 v1.2.0/go.mod h1:xzAOLCNug/yB62zG1bQ8uziwrIqIuxhctzJT18Q77mc=
github.com/dunky-star/go-json-xml-tool v0.0.0-20260601074721-c06c9c3ced14 h1:VOPa01mZSXVubJuI5e0kHZqXDKbyKF9aLJr15R13ugs=
github.com/dunky-star/go-json-xml-tool v0.0.0-20260601074721-c06c9c3ced14/go.mod h1:gNvsxJTbO1YkEm/LKF6dVpzXHZbyvF7k0aODuugW2Rw=
github.com/go-sql-driver/mysql v1.10.0 h1:Q+1LV8DkHJvSYAdR83XzuhDaTykuDx0l6fkXxoWCWfw=
github.com/go-sql-driver/mysql v1.10.0/go.mod h1:M+cqaI7+xxXGG9swrdeUIoPG3Y3KCkF0pZej+SK+nWk=
github.com/joho/godotenv v1.5.1 h1:7eLL/+HRGLY0ldzfGMeQkb7vMd0as4CfYvUVzLqw0N0=
github.com/joho/godotenv v1.5.1/go.mod h1:f4LDr5Voq0i2e/R5DDNOoa2zzDfwtkZa6DnEwAbqwq4=
